// !$*UTF8*$!
{
	archiveVersion = 1;
	classes = {
	};
	objectVersion = 46;
	objects = {

/* Begin PBXBuildFile section */
		2B2AAE731E445DAA00E3D968 /* main.m in Sources */ = {isa = PBXBuildFile; fileRef = 2B2AAE721E445DAA00E3D968 /* main.m */; };
		2B2AAE761E445DAA00E3D968 /* AppDelegate.m in Sources */ = {isa = PBXBuildFile; fileRef = 2B2AAE751E445DAA00E3D968 /* AppDelegate.m */; };
		2B2AAE791E445DAA00E3D968 /* ViewController.m in Sources */ = {isa = PBXBuildFile; fileRef = 2B2AAE781E445DAA00E3D968 /* ViewController.m */; };
		2B2AAE7C1E445DAA00E3D968 /* Main.storyboard in Resources */ = {isa = PBXBuildFile; fileRef = 2B2AAE7A1E445DAA00E3D968 /* Main.storyboard */; };
		2B2AAE7E1E445DAA00E3D968 /* Assets.xcassets in Resources */ = {isa = PBXBuildFile; fileRef = 2B2AAE7D1E445DAA00E3D968 /* Assets.xcassets */; };
		2B2AAE811E445DAA00E3D968 /* LaunchScreen.storyboard in Resources */ = {isa = PBXBuildFile; fileRef = 2B2AAE7F1E445DAA00E3D968 /* LaunchScreen.storyboard */; };
		2B2AAE8C1E445DAA00E3D968 /* CocoaPodsObjectTests.m in Sources */ = {isa = PBXBuildFile; fileRef = 2B2AAE8B1E445DAA00E3D968 /* CocoaPodsObjectTests.m */; };
		2B2AAE971E445DAA00E3D968 /* CocoaPodsObjectUITests.m in Sources */ = {isa = PBXBuildFile; fileRef = 2B2AAE961E445DAA00E3D968 /* CocoaPodsObjectUITests.m */; };
/* End PBXBuildFile section */

/* Begin PBXContainerItemProxy section */
		2B2AAE881E445DAA00E3D968 /* PBXContainerItemProxy */ = {
			isa = PBXContainerItemProxy;
			containerPortal = 2B2AAE661E445DAA00E3D968 /* Project object */;
			proxyType = 1;
			remoteGlobalIDString = 2B2AAE6D1E445DAA00E3D968;
			remoteInfo = CocoaPodsObject;
		};
		2B2AAE931E445DAA00E3D968 /* PBXContainerItemProxy */ = {
			isa = PBXContainerItemProxy;
			containerPortal = 2B2AAE661E445DAA00E3D968 /* Project object */;
			proxyType = 1;
			remoteGlobalIDString = 2B2AAE6D1E445DAA00E3D968;
			remoteInfo = CocoaPodsObject;
		};
/* End PBXContainerItemProxy section */

/* Begin PBXFileReference section */
		2B2AAE6E1E445DAA00E3D968 /* CocoaPodsObject.app */ = {isa = PBXFileReference; explicitFileType = wrapper.application; includeInIndex = 0; path = CocoaPodsObject.app; sourceTree = BUILT_PRODUCTS_DIR; };
		2B2AAE721E445DAA00E3D968 /* main.m */ = {isa = PBXFileReference; lastKnownFileType = sourcecode.c.objc; path = main.m; sourceTree = "<group>"; };
		2B2AAE741E445DAA00E3D968 /* AppDelegate.h */ = {isa = PBXFileReference; lastKnownFileType = sourcecode.c.h; path = AppDelegate.h; sourceTree = "<group>"; };
		2B2AAE751E445DAA00E3D968 /* AppDelegate.m */ = {isa = PBXFileReference; lastKnownFileType = sourcecode.c.objc; path = AppDelegate.m; sourceTree = "<group>"; };
		2B2AAE771E445DAA00E3D968 /* ViewController.h */ = {isa = PBXFileReference; lastKnownFileType = sourcecode.c.h; path = ViewController.h; sourceTree = "<group>"; };
		2B2AAE781E445DAA00E3D968 /* ViewController.m */ = {isa = PBXFileReference; lastKnownFileType = sourcecode.c.objc; path = ViewController.m; sourceTree = "<group>"; };
		2B2AAE7B1E445DAA00E3D968 /* Base */ = {isa = PBXFileReference; lastKnownFileType = file.storyboard; name = Base; path = Base.lproj/Main.storyboard; sourceTree = "<group>"; };
		2B2AAE7D1E445DAA00E3D968 /* Assets.xcassets */ = {isa = PBXFileReference; lastKnownFileType = folder.assetcatalog; path = Assets.xcassets; sourceTree = "<group>"; };
		2B2AAE801E445DAA00E3D968 /* Base */ = {isa = PBXFileReference; lastKnownFileType = file.storyboard; name = Base; path = Base.lproj/LaunchScreen.storyboard; sourceTree = "<group>"; };
		2B2AAE821E445DAA00E3D968 /* Info.plist */ = {isa = PBXFileReference; lastKnownFileType = text.plist.xml; path = Info.plist; sourceTree = "<group>"; };
		2B2AAE871E445DAA00E3D968 /* CocoaPodsObjectTests.xctest */ = {isa = PBXFileReference; explicitFileType = wrapper.cfbundle; includeInIndex = 0; path = CocoaPodsObjectTests.xctest; sourceTree = BUILT_PRODUCTS_DIR; };
		2B2AAE8B1E445DAA00E3D968 /* CocoaPodsObjectTests.m */ = {isa = PBXFileReference; lastKnownFileType = sourcecode.c.objc; path = CocoaPodsObjectTests.m; sourceTree = "<group>"; };
		2B2AAE8D1E445DAA00E3D968 /* Info.plist */ = {isa = PBXFileReference; lastKnownFileType = text.plist.xml; path = Info.plist; sourceTree = "<group>"; };
		2B2AAE921E445DAA00E3D968 /* CocoaPodsObjectUITests.xctest */ = {isa = PBXFileReference; explicitFileType = wrapper.cfbundle; includeInIndex = 0; path = CocoaPodsObjectUITests.xctest; sourceTree = BUILT_PRODUCTS_DIR; };
		2B2AAE961E445DAA00E3D968 /* CocoaPodsObjectUITests.m */ = {isa = PBXFileReference; lastKnownFileType = sourcecode.c.objc; path = CocoaPodsObjectUITests.m; sourceTree = "<group>"; };
		2B2AAE981E445DAA00E3D968 /* Info.plist */ = {isa = PBXFileReference; lastKnownFileType = text.plist.xml; path = Info.plist; sourceTree = "<group>"; };
/* End PBXFileReference section */

/* Begin PBXFrameworksBuildPhase section */
		2B2AAE6B1E445DAA00E3D968 /* Frameworks */ = {
			isa = PBXFrameworksBuildPhase;
			buildActionMask = 2147483647;
			files = (
			);
			runOnlyForDeploymentPostprocessing = 0;
		};
		2B2AAE841E445DAA00E3D968 /* Frameworks */ = {
			isa = PBXFrameworksBuildPhase;
			buildActionMask = 2147483647;
			files = (
			);
			runOnlyForDeploymentPostprocessing = 0;
		};
		2B2AAE8F1E445DAA00E3D968 /* Frameworks */ = {
			isa = PBXFrameworksBuildPhase;
			buildActionMask = 2147483647;
			files = (
			);
			runOnlyForDeploymentPostprocessing = 0;
		};
/* End PBXFrameworksBuildPhase section */

/* Begin PBXGroup section */
		2B2AAE651E445DAA00E3D968 = {
			isa = PBXGroup;
			children = (
				2B2AAE701E445DAA00E3D968 /* CocoaPodsObject */,
				2B2AAE8A1E445DAA00E3D968 /* CocoaPodsObjectTests */,
				2B2AAE951E445DAA00E3D968 /* CocoaPodsObjectUITests */,
				2B2AAE6F1E445DAA00E3D968 /* Products */,
			);
			sourceTree = "<group>";
		};
		2B2AAE6F1E445DAA00E3D968 /* Products */ = {
			isa = PBXGroup;
			children = (
				2B2AAE6E1E445DAA00E3D968 /* CocoaPodsObject.app */,
				2B2AAE871E445DAA00E3D968 /* CocoaPodsObjectTests.xctest */,
				2B2AAE921E445DAA00E3D968 /* CocoaPodsObjectUITests.xctest */,
			);
			name = Products;
			sourceTree = "<group>";
		};
		2B2AAE701E445DAA00E3D968 /* CocoaPodsObject */ = {
			isa = PBXGroup;
			children = (
				2B2AAE741E445DAA00E3D968 /* AppDelegate.h */,
				2B2AAE751E445DAA00E3D968 /* AppDelegate.m */,
				2B2AAE771E445DAA00E3D968 /* ViewController.h */,
				2B2AAE781E445DAA00E3D968 /* ViewController.m */,
				2B2AAE7A1E445DAA00E3D968 /* Main.storyboard */,
				2B2AAE7D1E445DAA00E3D968 /* Assets.xcassets */,
				2B2AAE7F1E445DAA00E3D968 /* LaunchScreen.storyboard */,
				2B2AAE821E445DAA00E3D968 /* Info.plist */,
				2B2AAE711E445DAA00E3D968 /* Supporting Files */,
			);
			path = CocoaPodsObject;
			sourceTree = "<group>";
		};
		2B2AAE711E445DAA00E3D968 /* Supporting Files */ = {
			isa = PBXGroup;
			children = (
				2B2AAE721E445DAA00E3D968 /* main.m */,
			);
			name = "Supporting Files";
			sourceTree = "<group>";
		};
		2B2AAE8A1E445DAA00E3D968 /* CocoaPodsObjectTests */ = {
			isa = PBXGroup;
			children = (
				2B2AAE8B1E445DAA00E3D968 /* CocoaPodsObjectTests.m */,
				2B2AAE8D1E445DAA00E3D968 /* Info.plist */,
			);
			path = CocoaPodsObjectTests;
			sourceTree = "<group>";
		};
		2B2AAE951E445DAA00E3D968 /* CocoaPodsObjectUITests */ = {
			isa = PBXGroup;
			children = (
				2B2AAE961E445DAA00E3D968 /* CocoaPodsObjectUITests.m */,
				2B2AAE981E445DAA00E3D968 /* Info.plist */,
			);
			path = CocoaPodsObjectUITests;
			sourceTree = "<group>";
		};
/* End PBXGroup section */

/* Begin PBXNativeTarget section */
		2B2AAE6D1E445DAA00E3D968 /* CocoaPodsObject */ = {
			isa = PBXNativeTarget;
			buildConfigurationList = 2B2AAE9B1E445DAA00E3D968 /* Build configuration list for PBXNativeTarget "CocoaPodsObject" */;
			buildPhases = (
				2B2AAE6A1E445DAA00E3D968 /* Sources */,
				2B2AAE6B1E445DAA00E3D968 /* Frameworks */,
				2B2AAE6C1E445DAA00E3D968 /* Resources */,
			);
			buildRules = (
			);
			dependencies = (
			);
			name = CocoaPodsObject;
			productName = CocoaPodsObject;
			productReference = 2B2AAE6E1E445DAA00E3D968 /* CocoaPodsObject.app */;
			productType = "com.apple.product-type.application";
		};
		2B2AAE861E445DAA00E3D968 /* CocoaPodsObjectTests */ = {
			isa = PBXNativeTarget;
			buildConfigurationList = 2B2AAE9E1E445DAA00E3D968 /* Build configuration list for PBXNativeTarget "CocoaPodsObjectTests" */;
			buildPhases = (
				2B2AAE831E445DAA00E3D968 /* Sources */,
				2B2AAE841E445DAA00E3D968 /* Frameworks */,
				2B2AAE851E445DAA00E3D968 /* Resources */,
			);
			buildRules = (
			);
			dependencies = (
				2B2AAE891E445DAA00E3D968 /* PBXTargetDependency */,
			);
			name = CocoaPodsObjectTests;
			productName = CocoaPodsObjectTests;
			productReference = 2B2AAE871E445DAA00E3D968 /* CocoaPodsObjectTests.xctest */;
			productType = "com.apple.product-type.bundle.unit-test";
		};
		2B2AAE911E445DAA00E3D968 /* CocoaPodsObjectUITests */ = {
			isa = PBXNativeTarget;
			buildConfigurationList = 2B2AAEA11E445DAA00E3D968 /* Build configuration list for PBXNativeTarget "CocoaPodsObjectUITests" */;
			buildPhases = (
				2B2AAE8E1E445DAA00E3D968 /* Sources */,
				2B2AAE8F1E445DAA00E3D968 /* Frameworks */,
				2B2AAE901E445DAA00E3D968 /* Resources */,
			);
			buildRules = (
			);
			dependencies = (
				2B2AAE941E445DAA00E3D968 /* PBXTargetDependency */,
			);
			name = CocoaPodsObjectUITests;
			productName = CocoaPodsObjectUITests;
			productReference = 2B2AAE921E445DAA00E3D968 /* CocoaPodsObjectUITests.xctest */;
			productType = "com.apple.product-type.bundle.ui-testing";
		};
/* End PBXNativeTarget section */

/* Begin PBXProject section */
		2B2AAE661E445DAA00E3D968 /* Project object */ = {
			isa = PBXProject;
			attributes = {
				LastUpgradeCheck = 0800;
				ORGANIZATIONNAME = "北京联禾众邦科技有限公司";
				TargetAttributes = {
					2B2AAE6D1E445DAA00E3D968 = {
						CreatedOnToolsVersion = 8.0;
						DevelopmentTeam = 2B3GR8BH23;
						ProvisioningStyle = Automatic;
					};
					2B2AAE861E445DAA00E3D968 = {
						CreatedOnToolsVersion = 8.0;
						DevelopmentTeam = 2B3GR8BH23;
						ProvisioningStyle = Automatic;
						TestTargetID = 2B2AAE6D1E445DAA00E3D968;
					};
					2B2AAE911E445DAA00E3D968 = {
						CreatedOnToolsVersion = 8.0;
						DevelopmentTeam = 2B3GR8BH23;
						ProvisioningStyle = Automatic;
						TestTargetID = 2B2AAE6D1E445DAA00E3D968;
					};
				};
			};
			buildConfigurationList = 2B2AAE691E445DAA00E3D968 /* Build configuration list for PBXProject "CocoaPodsObject" */;
			compatibilityVersion = "Xcode 3.2";
			developmentRegion = English;
			hasScannedForEncodings = 0;
			knownRegions = (
				en,
				Base,
			);
			mainGroup = 2B2AAE651E445DAA00E3D968;
			productRefGroup = 2B2AAE6F1E445DAA00E3D968 /* Products */;
			projectDirPath = "";
			projectRoot = "";
			targets = (
				2B2AAE6D1E445DAA00E3D968 /* CocoaPodsObject */,
				2B2AAE861E445DAA00E3D968 /* CocoaPodsObjectTests */,
				2B2AAE911E445DAA00E3D968 /* CocoaPodsObjectUITests */,
			);
		};
/* End PBXProject section */

/* Begin PBXResourcesBuildPhase section */
		2B2AAE6C1E445DAA00E3D968 /* Resources */ = {
			isa = PBXResourcesBuildPhase;
			buildActionMask = 2147483647;
			files = (
				2B2AAE811E445DAA00E3D968 /* LaunchScreen.storyboard in Resources */,
				2B2AAE7E1E445DAA00E3D968 /* Assets.xcassets in Resources */,
				2B2AAE7C1E445DAA00E3D968 /* Main.storyboard in Resources */,
			);
			runOnlyForDeploymentPostprocessing = 0;
		};
		2B2AAE851E445DAA00E3D968 /* Resources */ = {
			isa = PBXResourcesBuildPhase;
			buildActionMask = 2147483647;
			files = (
			);
			runOnlyForDeploymentPostprocessing = 0;
		};
		2B2AAE901E445DAA00E3D968 /* Resources */ = {
			isa = PBXResourcesBuildPhase;
			buildActionMask = 2147483647;
			files = (
			);
			runOnlyForDeploymentPostprocessing = 0;
		};
/* End PBXResourcesBuildPhase section */

/* Begin PBXSourcesBuildPhase section */
		2B2AAE6A1E445DAA00E3D968 /* Sources */ = {
			isa = PBXSourcesBuildPhase;
			buildActionMask = 2147483647;
			files = (
				2B2AAE791E445DAA00E3D968 /* ViewController.m in Sources */,
				2B2AAE761E445DAA00E3D968 /* AppDelegate.m in Sources */,
				2B2AAE731E445DAA00E3D968 /* main.m in Sources */,
			);
			runOnlyForDeploymentPostprocessing = 0;
		};
		2B2AAE831E445DAA00E3D968 /* Sources */ = {
			isa = PBXSourcesBuildPhase;
			buildActionMask = 2147483647;
			files = (
				2B2AAE8C1E445DAA00E3D968 /* CocoaPodsObjectTests.m in Sources */,
			);
			runOnlyForDeploymentPostprocessing = 0;
		};
		2B2AAE8E1E445DAA00E3D968 /* Sources */ = {
			isa = PBXSourcesBuildPhase;
			buildActionMask = 2147483647;
			files = (
				2B2AAE971E445DAA00E3D968 /* CocoaPodsObjectUITests.m in Sources */,
			);
			runOnlyForDeploymentPostprocessing = 0;
		};
/* End PBXSourcesBuildPhase section */

/* Begin PBXTargetDependency section */
		2B2AAE891E445DAA00E3D968 /* PBXTargetDependency */ = {
			isa = PBXTargetDependency;
			target = 2B2AAE6D1E445DAA00E3D968 /* CocoaPodsObject */;
			targetProxy = 2B2AAE881E445DAA00E3D968 /* PBXContainerItemProxy */;
		};
		2B2AAE941E445DAA00E3D968 /* PBXTargetDependency */ = {
			isa = PBXTargetDependency;
			target = 2B2AAE6D1E445DAA00E3D968 /* CocoaPodsObject */;
			targetProxy = 2B2AAE931E445DAA00E3D968 /* PBXContainerItemProxy */;
		};
/* End PBXTargetDependency section */

/* Begin PBXVariantGroup section */
		2B2AAE7A1E445DAA00E3D968 /* Main.storyboard */ = {
			isa = PBXVariantGroup;
			children = (
				2B2AAE7B1E445DAA00E3D968 /* Base */,
			);
			name = Main.storyboard;
			sourceTree = "<group>";
		};
		2B2AAE7F1E445DAA00E3D968 /* LaunchScreen.storyboard */ = {
			isa = PBXVariantGroup;
			children = (
				2B2AAE801E445DAA00E3D968 /* Base */,
			);
			name = LaunchScreen.storyboard;
			sourceTree = "<group>";
		};
/* End PBXVariantGroup section */

/* Begin XCBuildConfiguration section */
		2B2AAE991E445DAA00E3D968 /* Debug */ = {
			isa = XCBuildConfiguration;
			buildSettings = {
				ALWAYS_SEARCH_USER_PATHS = NO;
				CLANG_ANALYZER_NONNULL = YES;
				CLANG_CXX_LANGUAGE_STANDARD = "gnu++0x";
				CLANG_CXX_LIBRARY = "libc++";
				CLANG_ENABLE_MODULES = YES;
				CLANG_ENABLE_OBJC_ARC = YES;
				CLANG_WARN_BOOL_CONVERSION = YES;
				CLANG_WARN_CONSTANT_CONVERSION = YES;
				CLANG_WARN_DIRECT_OBJC_ISA_USAGE = YES_ERROR;
				CLANG_WARN_DOCUMENTATION_COMMENTS = YES;
				CLANG_WARN_EMPTY_BODY = YES;
				CLANG_WARN_ENUM_CONVERSION = YES;
				CLANG_WARN_INFINITE_RECURSION = YES;
				CLANG_WARN_INT_CONVERSION = YES;
				CLANG_WARN_OBJC_ROOT_CLASS = YES_ERROR;
				CLANG_WARN_SUSPICIOUS_MOVES = YES;
				CLANG_WARN_UNREACHABLE_CODE = YES;
				CLANG_WARN__DUPLICATE_METHOD_MATCH = YES;
				"CODE_SIGN_IDENTITY[sdk=iphoneos*]" = "iPhone Developer";
				COPY_PHASE_STRIP = NO;
				DEBUG_INFORMATION_FORMAT = dwarf;
				ENABLE_STRICT_OBJC_MSGSEND = YES;
				ENABLE_TESTABILITY = YES;
				GCC_C_LANGUAGE_STANDARD = gnu99;
				GCC_DYNAMIC_NO_PIC = NO;
				GCC_NO_COMMON_BLOCKS = YES;
				GCC_OPTIMIZATION_LEVEL = 0;
				GCC_PREPROCESSOR_DEFINITIONS = (
					"DEBUG=1",
					"$(inherited)",
				);
				GCC_WARN_64_TO_32_BIT_CONVERSION = YES;
				GCC_WARN_ABOUT_RETURN_TYPE = YES_ERROR;
				GCC_WARN_UNDECLARED_SELECTOR = YES;
				GCC_WARN_UNINITIALIZED_AUTOS = YES_AGGRESSIVE;
				GCC_WARN_UNUSED_FUNCTION = YES;
				GCC_WARN_UNUSED_VARIABLE = YES;
				IPHONEOS_DEPLOYMENT_TARGET = 10.0;
				MTL_ENABLE_DEBUG_INFO = YES;
				ONLY_ACTIVE_ARCH = YES;
				SDKROOT = iphoneos;
				TARGETED_DEVICE_FAMILY = "1,2";
			};
			name = Debug;
		};
		2B2AAE9A1E445DAA00E3D968 /* Release */ = {
			isa = XCBuildConfiguration;
			buildSettings = {
				ALWAYS_SEARCH_USER_PATHS = NO;
				CLANG_ANALYZER_NONNULL = YES;
				CLANG_CXX_LANGUAGE_STANDARD = "gnu++0x";
				CLANG_CXX_LIBRARY = "libc++";
				CLANG_ENABLE_MODULES = YES;
				CLANG_ENABLE_OBJC_ARC = YES;
				CLANG_WARN_BOOL_CONVERSION = YES;
				CLANG_WARN_CONSTANT_CONVERSION = YES;
				CLANG_WARN_DIRECT_OBJC_ISA_USAGE = YES_ERROR;
				CLANG_WARN_DOCUMENTATION_COMMENTS = YES;
				CLANG_WARN_EMPTY_BODY = YES;
				CLANG_WARN_ENUM_CONVERSION = YES;
				CLANG_WARN_INFINITE_RECURSION = YES;
				CLANG_WARN_INT_CONVERSION = YES;
				CLANG_WARN_OBJC_ROOT_CLASS = YES_ERROR;
				CLANG_WARN_SUSPICIOUS_MOVES = YES;
				CLANG_WARN_UNREACHABLE_CODE = YES;
				CLANG_WARN__DUPLICATE_METHOD_MATCH = YES;
				"CODE_SIGN_IDENTITY[sdk=iphoneos*]" = "iPhone Developer";
				COPY_PHASE_STRIP = NO;
				DEBUG_INFORMATION_FORMAT = "dwarf-with-dsym";
				ENABLE_NS_ASSERTIONS = NO;
				ENABLE_STRICT_OBJC_MSGSEND = YES;
				GCC_C_LANGUAGE_STANDARD = gnu99;
				GCC_NO_COMMON_BLOCKS = YES;
				GCC_WARN_64_TO_32_BIT_CONVERSION = YES;
				GCC_WARN_ABOUT_RETURN_TYPE = YES_ERROR;
				GCC_WARN_UNDECLARED_SELECTOR = YES;
				GCC_WARN_UNINITIALIZED_AUTOS = YES_AGGRESSIVE;
				GCC_WARN_UNUSED_FUNCTION = YES;
				GCC_WARN_UNUSED_VARIABLE = YES;
				IPHONEOS_DEPLOYMENT_TARGET = 10.0;
				MTL_ENABLE_DEBUG_INFO = NO;
				SDKROOT = iphoneos;
				TARGETED_DEVICE_FAMILY = "1,2";
				VALIDATE_PRODUCT = YES;
			};
			name = Release;
		};
		2B2AAE9C1E445DAA00E3D968 /* Debug */ = {
			isa = XCBuildConfiguration;
			buildSettings = {
				ASSETCATALOG_COMPILER_APPICON_NAME = AppIcon;
				DEVELOPMENT_TEAM = 2B3GR8BH23;
				INFOPLIST_FILE = CocoaPodsObject/Info.plist;
				LD_RUNPATH_SEARCH_PATHS = "$(inherited) @executable_path/Frameworks";
				PRODUCT_BUNDLE_IDENTIFIER = com.Unionum.com.CocoaPodsObject;
				PRODUCT_NAME = "$(TARGET_NAME)";
			};
			name = Debug;
		};
		2B2AAE9D1E445DAA00E3D968 /* Release */ = {
			isa = XCBuildConfiguration;
			buildSettings = {
				ASSETCATALOG_COMPILER_APPICON_NAME = AppIcon;
				DEVELOPMENT_TEAM = 2B3GR8BH23;
				INFOPLIST_FILE = CocoaPodsObject/Info.plist;
				LD_RUNPATH_SEARCH_PATHS = "$(inherited) @executable_path/Frameworks";
				PRODUCT_BUNDLE_IDENTIFIER = com.Unionum.com.CocoaPodsObject;
				PRODUCT_NAME = "$(TARGET_NAME)";
			};
			name = Release;
		};
		2B2AAE9F1E445DAA00E3D968 /* Debug */ = {
			isa = XCBuildConfiguration;
			buildSettings = {
				BUNDLE_LOADER = "$(TEST_HOST)";
				DEVELOPMENT_TEAM = 2B3GR8BH23;
				INFOPLIST_FILE = CocoaPodsObjectTests/Info.plist;
				LD_RUNPATH_SEARCH_PATHS = "$(inherited) @executable_path/Frameworks @loader_path/Frameworks";
				PRODUCT_BUNDLE_IDENTIFIER = com.Unionum.com.CocoaPodsObjectTests;
				PRODUCT_NAME = "$(TARGET_NAME)";
				TEST_HOST = "$(BUILT_PRODUCTS_DIR)/CocoaPodsObject.app/CocoaPodsObject";
			};
			name = Debug;
		};
		2B2AAEA01E445DAA00E3D968 /* Release */ = {
			isa = XCBuildConfiguration;
			buildSettings = {
				BUNDLE_LOADER = "$(TEST_HOST)";
				DEVELOPMENT_TEAM = 2B3GR8BH23;
				INFOPLIST_FILE = CocoaPodsObjectTests/Info.plist;
				LD_RUNPATH_SEARCH_PATHS = "$(inherited) @executable_path/Frameworks @loader_path/Frameworks";
				PRODUCT_BUNDLE_IDENTIFIER = com.Unionum.com.CocoaPodsObjectTests;
				PRODUCT_NAME = "$(TARGET_NAME)";
				TEST_HOST = "$(BUILT_PRODUCTS_DIR)/CocoaPodsObject.app/CocoaPodsObject";
			};
			name = Release;
		};
		2B2AAEA21E445DAA00E3D968 /* Debug */ = {
			isa = XCBuildConfiguration;
			buildSettings = {
				DEVELOPMENT_TEAM = 2B3GR8BH23;
				INFOPLIST_FILE = CocoaPodsObjectUITests/Info.plist;
				LD_RUNPATH_SEARCH_PATHS = "$(inherited) @executable_path/Frameworks @loader_path/Frameworks";
				PRODUCT_BUNDLE_IDENTIFIER = com.Unionum.com.CocoaPodsObjectUITests;
				PRODUCT_NAME = "$(TARGET_NAME)";
				TEST_TARGET_NAME = CocoaPodsObject;
			};
			name = Debug;
		};
		2B2AAEA31E445DAA00E3D968 /* Release */ = {
			isa = XCBuildConfiguration;
			buildSettings = {
				DEVELOPMENT_TEAM = 2B3GR8BH23;
				INFOPLIST_FILE = CocoaPodsObjectUITests/Info.plist;
				LD_RUNPATH_SEARCH_PATHS = "$(inherited) @executable_path/Frameworks @loader_path/Frameworks";
				PRODUCT_BUNDLE_IDENTIFIER = com.Unionum.com.CocoaPodsObjectUITests;
				PRODUCT_NAME = "$(TARGET_NAME)";
				TEST_TARGET_NAME = CocoaPodsObject;
			};
			name = Release;
		};
/* End XCBuildConfiguration section */

/* Begin XCConfigurationList section */
		2B2AAE691E445DAA00E3D968 /* Build configuration list for PBXProject "CocoaPodsObject" */ = {
			isa = XCConfigurationList;
			buildConfigurations = (
				2B2AAE991E445DAA00E3D968 /* Debug */,
				2B2AAE9A1E445DAA00E3D968 /* Release */,
			);
			defaultConfigurationIsVisible = 0;
			defaultConfigurationName = Release;
		};
		2B2AAE9B1E445DAA00E3D968 /* Build configuration list for PBXNativeTarget "CocoaPodsObject" */ = {
			isa = XCConfigurationList;
			buildConfigurations = (
				2B2AAE9C1E445DAA00E3D968 /* Debug */,
				2B2AAE9D1E445DAA00E3D968 /* Release */,
			);
			defaultConfigurationIsVisible = 0;
		};
		2B2AAE9E1E445DAA00E3D968 /* Build configuration list for PBXNativeTarget "CocoaPodsObjectTests" */ = {
			isa = XCConfigurationList;
			buildConfigurations = (
				2B2AAE9F1E445DAA00E3D968 /* Debug */,
				2B2AAEA01E445DAA00E3D968 /* Release */,
			);
			defaultConfigurationIsVisible = 0;
		};
		2B2AAEA11E445DAA00E3D968 /* Build configuration list for PBXNativeTarget "CocoaPodsObjectUITests" */ = {
			isa = XCConfigurationList;
			buildConfigurations = (
				2B2AAEA21E445DAA00E3D968 /* Debug */,
				2B2AAEA31E445DAA00E3D968 /* Release */,
			);
			defaultConfigurationIsVisible = 0;
		};
/* End XCConfigurationList section */
	};
	rootObject = 2B2AAE661E445DAA00E3D968 /* Project object */;
}
